
Microsoft Visual Studio Solution File, Format Version 12.00
# Visual Studio 14
VisualStudioVersion = 14.0.25420.1
MinimumVisualStudioVersion = 10.0.40219.1
Project("{FAE04EC0-301F-11D3-BF4B-00C04F79EFBC}") = "OASU_RPO", "OASU_RPO\OASU_RPO.csproj", "{862ABB0B-205D-482E-BBA4-F0ED9626A87C}"
EndProject
Project("{FAE04EC0-301F-11D3-BF4B-00C04F79EFBC}") = "Feodosiya.Lib", "..\..\Feodosiya.Lib\Feodosiya.Lib\Feodosiya.Lib.csproj", "{D3ADC41D-D61D-4485-8661-508FA998ACC5}"
EndProject
Global
	GlobalSection(SolutionConfigurationPlatforms) = preSolution
		Debug|Any CPU = Debug|Any CPU
		Release|Any CPU = Release|Any CPU
	EndGlobalSection
	GlobalSection(ProjectConfigurationPlatforms) = postSolution
		{862ABB0B-205D-482E-BBA4-F0ED9626A87C}.Debug|Any CPU.ActiveCfg = Debug|Any CPU
		{862ABB0B-205D-482E-BBA4-F0ED9626A87C}.Debug|Any CPU.Build.0 = Debug|Any CPU
		{862ABB0B-205D-482E-BBA4-F0ED9626A87C}.Release|Any CPU.ActiveCfg = Release|Any CPU
		{862ABB0B-205D-482E-BBA4-F0ED9626A87C}.Release|Any CPU.Build.0 = Release|Any CPU
		{D3ADC41D-D61D-4485-8661-508FA998ACC5}.Debug|Any CPU.ActiveCfg = Debug|Any CPU
		{D3ADC41D-D61D-4485-8661-508FA998ACC5}.Debug|Any CPU.Build.0 = Debug|Any CPU
		{D3ADC41D-D61D-4485-8661-508FA998ACC5}.Release|Any CPU.ActiveCfg = Release|Any CPU
		{D3ADC41D-D61D-4485-8661-508FA998ACC5}.Release|Any CPU.Build.0 = Release|Any CPU
	EndGlobalSection
	GlobalSection(SolutionProperties) = preSolution
		HideSolutionNode = FALSE
	EndGlobalSection
EndGlobal
